
Microsoft Visual Studio Solution File, Format Version 12.00
# Visual Studio Version 16
VisualStudioVersion = 16.0.28922.388
MinimumVisualStudioVersion = 10.0.40219.1
Project("{FAE04EC0-301F-11D3-BF4B-00C04F79EFBC}") = "ThermalProtectionBuilding.UI", "ThermalProtectionBuilding.UI\ThermalProtectionBuilding.UI.csproj", "{462CC799-D352-48FF-8096-52026219C1CA}"
EndProject
Global
	GlobalSection(SolutionConfigurationPlatforms) = preSolution
		Debug|Any CPU = Debug|Any CPU
		Release|Any CPU = Release|Any CPU
	EndGlobalSection
	GlobalSection(ProjectConfigurationPlatforms) = postSolution
		{462CC799-D352-48FF-8096-52026219C1CA}.Debug|Any CPU.ActiveCfg = Debug|Any CPU
		{462CC799-D352-48FF-8096-52026219C1CA}.Debug|Any CPU.Build.0 = Debug|Any CPU
		{462CC799-D352-48FF-8096-52026219C1CA}.Release|Any CPU.ActiveCfg = Release|Any CPU
		{462CC799-D352-48FF-8096-52026219C1CA}.Release|Any CPU.Build.0 = Release|Any CPU
	EndGlobalSection
	GlobalSection(SolutionProperties) = preSolution
		HideSolutionNode = FALSE
	EndGlobalSection
	GlobalSection(ExtensibilityGlobals) = postSolution
		SolutionGuid = {10669C74-C36F-47C1-B278-836D84003DA9}
	EndGlobalSection
EndGlobal
